
Microsoft Visual Studio Solution File, Format Version 12.00
# Visual Studio Version 17
VisualStudioVersion = 17.14.36616.10
MinimumVisualStudioVersion = 10.0.40219.1
Project("{FAE04EC0-301F-11D3-BF4B-00C04F79EFBC}") = "Marine-Travel-Project-Backend", "Marine-Travel-Project-Backend\Marine-Travel-Project-Backend.csproj", "{A5AFB53E-C5B0-4C12-8A64-E8249CD7BEA5}"
EndProject
Global
	GlobalSection(SolutionConfigurationPlatforms) = preSolution
		Debug|Any CPU = Debug|Any CPU
		Release|Any CPU = Release|Any CPU
	EndGlobalSection
	GlobalSection(ProjectConfigurationPlatforms) = postSolution
		{A5AFB53E-C5B0-4C12-8A64-E8249CD7BEA5}.Debug|Any CPU.ActiveCfg = Debug|Any CPU
		{A5AFB53E-C5B0-4C12-8A64-E8249CD7BEA5}.Debug|Any CPU.Build.0 = Debug|Any CPU
		{A5AFB53E-C5B0-4C12-8A64-E8249CD7BEA5}.Release|Any CPU.ActiveCfg = Release|Any CPU
		{A5AFB53E-C5B0-4C12-8A64-E8249CD7BEA5}.Release|Any CPU.Build.0 = Release|Any CPU
	EndGlobalSection
	GlobalSection(SolutionProperties) = preSolution
		HideSolutionNode = FALSE
	EndGlobalSection
	GlobalSection(ExtensibilityGlobals) = postSolution
		SolutionGuid = {CA2A3AB2-690D-4F27-9DD4-2FCAF4752BF5}
	EndGlobalSection
EndGlobal
